
Microsoft Visual Studio Solution File, Format Version 12.00
# Visual Studio 15
VisualStudioVersion = 15.0.28307.489
MinimumVisualStudioVersion = 10.0.40219.1
Project("{FAE04EC0-301F-11D3-BF4B-00C04F79EFBC}") = "SupremaInterface", "SupremaInterface\SupremaInterface.csproj", "{D9ADACE5-CA18-41C0-8B71-F4BBC2971EA1}"
EndProject
Project("{FAE04EC0-301F-11D3-BF4B-00C04F79EFBC}") = "SupremaApiCheck", "SupremaApiCheck\SupremaApiCheck.csproj", "{F8DAB16F-44EA-4868-9164-504AA36299CD}"
EndProject
Project("{FAE04EC0-301F-11D3-BF4B-00C04F79EFBC}") = "FingerPrintController", "FingerPrintController\FingerPrintController.csproj", "{14F73FF7-D769-4FBA-A025-AD6DA91BAFDE}"
EndProject
Project("{FAE04EC0-301F-11D3-BF4B-00C04F79EFBC}") = "Test", "Test\Test.csproj", "{350B3740-EC58-45C8-8B1D-494D7134F835}"
EndProject
Global
	GlobalSection(SolutionConfigurationPlatforms) = preSolution
		Debug|Any CPU = Debug|Any CPU
		Release|Any CPU = Release|Any CPU
	EndGlobalSection
	GlobalSection(ProjectConfigurationPlatforms) = postSolution
		{D9ADACE5-CA18-41C0-8B71-F4BBC2971EA1}.Debug|Any CPU.ActiveCfg = Debug|Any CPU
		{D9ADACE5-CA18-41C0-8B71-F4BBC2971EA1}.Debug|Any CPU.Build.0 = Debug|Any CPU
		{D9ADACE5-CA18-41C0-8B71-F4BBC2971EA1}.Release|Any CPU.ActiveCfg = Release|Any CPU
		{D9ADACE5-CA18-41C0-8B71-F4BBC2971EA1}.Release|Any CPU.Build.0 = Release|Any CPU
		{F8DAB16F-44EA-4868-9164-504AA36299CD}.Debug|Any CPU.ActiveCfg = Debug|Any CPU
		{F8DAB16F-44EA-4868-9164-504AA36299CD}.Debug|Any CPU.Build.0 = Debug|Any CPU
		{F8DAB16F-44EA-4868-9164-504AA36299CD}.Release|Any CPU.ActiveCfg = Release|Any CPU
		{F8DAB16F-44EA-4868-9164-504AA36299CD}.Release|Any CPU.Build.0 = Release|Any CPU
		{14F73FF7-D769-4FBA-A025-AD6DA91BAFDE}.Debug|Any CPU.ActiveCfg = Debug|Any CPU
		{14F73FF7-D769-4FBA-A025-AD6DA91BAFDE}.Debug|Any CPU.Build.0 = Debug|Any CPU
		{14F73FF7-D769-4FBA-A025-AD6DA91BAFDE}.Release|Any CPU.ActiveCfg = Release|Any CPU
		{14F73FF7-D769-4FBA-A025-AD6DA91BAFDE}.Release|Any CPU.Build.0 = Release|Any CPU
		{350B3740-EC58-45C8-8B1D-494D7134F835}.Debug|Any CPU.ActiveCfg = Debug|Any CPU
		{350B3740-EC58-45C8-8B1D-494D7134F835}.Debug|Any CPU.Build.0 = Debug|Any CPU
		{350B3740-EC58-45C8-8B1D-494D7134F835}.Release|Any CPU.ActiveCfg = Release|Any CPU
		{350B3740-EC58-45C8-8B1D-494D7134F835}.Release|Any CPU.Build.0 = Release|Any CPU
	EndGlobalSection
	GlobalSection(SolutionProperties) = preSolution
		HideSolutionNode = FALSE
	EndGlobalSection
	GlobalSection(ExtensibilityGlobals) = postSolution
		SolutionGuid = {0A35C78F-7073-40B2-91C7-47A1A40430C9}
	EndGlobalSection
EndGlobal
